
Microsoft Visual Studio Solution File, Format Version 12.00
Project("{FAE04EC0-301F-11D3-BF4B-00C04F79EFBC}") = "Decacraft_AlcoholHelper", "Decacraft_AlcoholHelper\Decacraft_AlcoholHelper.csproj", "{8811D978-E7B0-417F-9098-70310E34DA70}"
EndProject
Global
	GlobalSection(SolutionConfigurationPlatforms) = preSolution
		Debug|Any CPU = Debug|Any CPU
		Release|Any CPU = Release|Any CPU
	EndGlobalSection
	GlobalSection(ProjectConfigurationPlatforms) = postSolution
		{8811D978-E7B0-417F-9098-70310E34DA70}.Debug|Any CPU.ActiveCfg = Debug|Any CPU
		{8811D978-E7B0-417F-9098-70310E34DA70}.Debug|Any CPU.Build.0 = Debug|Any CPU
		{8811D978-E7B0-417F-9098-70310E34DA70}.Release|Any CPU.ActiveCfg = Release|Any CPU
		{8811D978-E7B0-417F-9098-70310E34DA70}.Release|Any CPU.Build.0 = Release|Any CPU
	EndGlobalSection
EndGlobal
